
Microsoft Visual Studio Solution File, Format Version 12.00
# Visual Studio Version 16
VisualStudioVersion = 16.0.29509.3
MinimumVisualStudioVersion = 10.0.40219.1
Project("{FAE04EC0-301F-11D3-BF4B-00C04F79EFBC}") = "PhysFormuler", "PhysFormuler.csproj", "{4A18C2F6-550F-43B8-A794-A958E38BFBDC}"
EndProject
Global
	GlobalSection(SolutionConfigurationPlatforms) = preSolution
		Debug|Any CPU = Debug|Any CPU
		Debug|x64 = Debug|x64
		Debug|x86 = Debug|x86
		Release|Any CPU = Release|Any CPU
		Release|x64 = Release|x64
		Release|x86 = Release|x86
	EndGlobalSection
	GlobalSection(ProjectConfigurationPlatforms) = postSolution
		{4A18C2F6-550F-43B8-A794-A958E38BFBDC}.Debug|Any CPU.ActiveCfg = Debug|Any CPU
		{4A18C2F6-550F-43B8-A794-A958E38BFBDC}.Debug|Any CPU.Build.0 = Debug|Any CPU
		{4A18C2F6-550F-43B8-A794-A958E38BFBDC}.Debug|x64.ActiveCfg = Debug|x64
		{4A18C2F6-550F-43B8-A794-A958E38BFBDC}.Debug|x64.Build.0 = Debug|x64
		{4A18C2F6-550F-43B8-A794-A958E38BFBDC}.Debug|x86.ActiveCfg = Debug|x86
		{4A18C2F6-550F-43B8-A794-A958E38BFBDC}.Debug|x86.Build.0 = Debug|x86
		{4A18C2F6-550F-43B8-A794-A958E38BFBDC}.Release|Any CPU.ActiveCfg = Release|Any CPU
		{4A18C2F6-550F-43B8-A794-A958E38BFBDC}.Release|Any CPU.Build.0 = Release|Any CPU
		{4A18C2F6-550F-43B8-A794-A958E38BFBDC}.Release|x64.ActiveCfg = Release|x64
		{4A18C2F6-550F-43B8-A794-A958E38BFBDC}.Release|x64.Build.0 = Release|x64
		{4A18C2F6-550F-43B8-A794-A958E38BFBDC}.Release|x86.ActiveCfg = Release|x86
		{4A18C2F6-550F-43B8-A794-A958E38BFBDC}.Release|x86.Build.0 = Release|x86
	EndGlobalSection
	GlobalSection(SolutionProperties) = preSolution
		HideSolutionNode = FALSE
	EndGlobalSection
	GlobalSection(ExtensibilityGlobals) = postSolution
		SolutionGuid = {465A208E-5FE1-4E7B-B3D2-77E518F5AFC3}
	EndGlobalSection
EndGlobal
